
Microsoft Visual Studio Solution File, Format Version 12.00
# Visual Studio Version 16
VisualStudioVersion = 16.0.31702.278
MinimumVisualStudioVersion = 10.0.40219.1
Project("{FAE04EC0-301F-11D3-BF4B-00C04F79EFBC}") = "WebApiTask1", "WebApiTask1.csproj", "{4D913062-BCC4-41B1-B8FD-EF964620418A}"
EndProject
Project("{FAE04EC0-301F-11D3-BF4B-00C04F79EFBC}") = "WebApICurd", "..\WebApICurd\WebApICurd.csproj", "{695EB569-B998-46C6-BC00-402364D8183B}"
EndProject
Global
	GlobalSection(SolutionConfigurationPlatforms) = preSolution
		Debug|Any CPU = Debug|Any CPU
		Release|Any CPU = Release|Any CPU
	EndGlobalSection
	GlobalSection(ProjectConfigurationPlatforms) = postSolution
		{4D913062-BCC4-41B1-B8FD-EF964620418A}.Debug|Any CPU.ActiveCfg = Debug|Any CPU
		{4D913062-BCC4-41B1-B8FD-EF964620418A}.Debug|Any CPU.Build.0 = Debug|Any CPU
		{4D913062-BCC4-41B1-B8FD-EF964620418A}.Release|Any CPU.ActiveCfg = Release|Any CPU
		{4D913062-BCC4-41B1-B8FD-EF964620418A}.Release|Any CPU.Build.0 = Release|Any CPU
		{695EB569-B998-46C6-BC00-402364D8183B}.Debug|Any CPU.ActiveCfg = Debug|Any CPU
		{695EB569-B998-46C6-BC00-402364D8183B}.Debug|Any CPU.Build.0 = Debug|Any CPU
		{695EB569-B998-46C6-BC00-402364D8183B}.Release|Any CPU.ActiveCfg = Release|Any CPU
		{695EB569-B998-46C6-BC00-402364D8183B}.Release|Any CPU.Build.0 = Release|Any CPU
	EndGlobalSection
	GlobalSection(SolutionProperties) = preSolution
		HideSolutionNode = FALSE
	EndGlobalSection
	GlobalSection(ExtensibilityGlobals) = postSolution
		SolutionGuid = {D962575B-BD34-4BA4-82EE-04757E5DF84A}
	EndGlobalSection
EndGlobal
