
Microsoft Visual Studio Solution File, Format Version 12.00
# Visual Studio Version 16
VisualStudioVersion = 16.0.31702.278
MinimumVisualStudioVersion = 10.0.40219.1
Project("{FAE04EC0-301F-11D3-BF4B-00C04F79EFBC}") = "Task1", "Task1.csproj", "{8A806C71-8754-479E-95D9-15226893C53F}"
EndProject
Project("{9A19103F-16F7-4668-BE54-9A1E7A4F7556}") = "TestP", "..\TestP\TestP.csproj", "{174AE447-09D5-46DC-AB8F-F904D3C35D94}"
EndProject
Project("{FAE04EC0-301F-11D3-BF4B-00C04F79EFBC}") = "WebApplication2", "..\WebApplication2\WebApplication2.csproj", "{49177AD7-80F3-4225-BAE8-742589E3DD92}"
EndProject
Global
	GlobalSection(SolutionConfigurationPlatforms) = preSolution
		Debug|Any CPU = Debug|Any CPU
		Release|Any CPU = Release|Any CPU
	EndGlobalSection
	GlobalSection(ProjectConfigurationPlatforms) = postSolution
		{8A806C71-8754-479E-95D9-15226893C53F}.Debug|Any CPU.ActiveCfg = Debug|Any CPU
		{8A806C71-8754-479E-95D9-15226893C53F}.Debug|Any CPU.Build.0 = Debug|Any CPU
		{8A806C71-8754-479E-95D9-15226893C53F}.Release|Any CPU.ActiveCfg = Release|Any CPU
		{8A806C71-8754-479E-95D9-15226893C53F}.Release|Any CPU.Build.0 = Release|Any CPU
		{174AE447-09D5-46DC-AB8F-F904D3C35D94}.Debug|Any CPU.ActiveCfg = Debug|Any CPU
		{174AE447-09D5-46DC-AB8F-F904D3C35D94}.Debug|Any CPU.Build.0 = Debug|Any CPU
		{174AE447-09D5-46DC-AB8F-F904D3C35D94}.Release|Any CPU.ActiveCfg = Release|Any CPU
		{174AE447-09D5-46DC-AB8F-F904D3C35D94}.Release|Any CPU.Build.0 = Release|Any CPU
		{49177AD7-80F3-4225-BAE8-742589E3DD92}.Debug|Any CPU.ActiveCfg = Debug|Any CPU
		{49177AD7-80F3-4225-BAE8-742589E3DD92}.Debug|Any CPU.Build.0 = Debug|Any CPU
		{49177AD7-80F3-4225-BAE8-742589E3DD92}.Release|Any CPU.ActiveCfg = Release|Any CPU
		{49177AD7-80F3-4225-BAE8-742589E3DD92}.Release|Any CPU.Build.0 = Release|Any CPU
	EndGlobalSection
	GlobalSection(SolutionProperties) = preSolution
		HideSolutionNode = FALSE
	EndGlobalSection
	GlobalSection(ExtensibilityGlobals) = postSolution
		SolutionGuid = {60C20F92-D853-4709-BE66-0EC07722A2F0}
	EndGlobalSection
EndGlobal
