
Microsoft Visual Studio Solution File, Format Version 12.00
# Visual Studio Version 16
VisualStudioVersion = 16.0.31702.278
MinimumVisualStudioVersion = 10.0.40219.1
Project("{FAE04EC0-301F-11D3-BF4B-00C04F79EFBC}") = "WebApiCurdTask", "WebApiCurdTask.csproj", "{9855D84B-B08E-4682-B1B2-828A7B0FB352}"
EndProject
Global
	GlobalSection(SolutionConfigurationPlatforms) = preSolution
		Debug|Any CPU = Debug|Any CPU
		Release|Any CPU = Release|Any CPU
	EndGlobalSection
	GlobalSection(ProjectConfigurationPlatforms) = postSolution
		{9855D84B-B08E-4682-B1B2-828A7B0FB352}.Debug|Any CPU.ActiveCfg = Debug|Any CPU
		{9855D84B-B08E-4682-B1B2-828A7B0FB352}.Debug|Any CPU.Build.0 = Debug|Any CPU
		{9855D84B-B08E-4682-B1B2-828A7B0FB352}.Release|Any CPU.ActiveCfg = Release|Any CPU
		{9855D84B-B08E-4682-B1B2-828A7B0FB352}.Release|Any CPU.Build.0 = Release|Any CPU
	EndGlobalSection
	GlobalSection(SolutionProperties) = preSolution
		HideSolutionNode = FALSE
	EndGlobalSection
	GlobalSection(ExtensibilityGlobals) = postSolution
		SolutionGuid = {CBAD3D8D-732F-4D2E-AB73-B980884FF4F8}
	EndGlobalSection
EndGlobal
