
Microsoft Visual Studio Solution File, Format Version 12.00
# Visual Studio Version 16
VisualStudioVersion = 16.0.31702.278
MinimumVisualStudioVersion = 10.0.40219.1
Project("{FAE04EC0-301F-11D3-BF4B-00C04F79EFBC}") = "Task2", "Task2.csproj", "{389E15A1-EA48-4D93-A28F-4731BC9B30FA}"
EndProject
Project("{FAE04EC0-301F-11D3-BF4B-00C04F79EFBC}") = "CurdwithASP.NETWebapi", "..\CurdwithASP.NETWebapi\CurdwithASP.NETWebapi.csproj", "{C21C23BC-7CC8-48AC-8340-C147B0D31BAB}"
EndProject
Global
	GlobalSection(SolutionConfigurationPlatforms) = preSolution
		Debug|Any CPU = Debug|Any CPU
		Release|Any CPU = Release|Any CPU
	EndGlobalSection
	GlobalSection(ProjectConfigurationPlatforms) = postSolution
		{389E15A1-EA48-4D93-A28F-4731BC9B30FA}.Debug|Any CPU.ActiveCfg = Debug|Any CPU
		{389E15A1-EA48-4D93-A28F-4731BC9B30FA}.Debug|Any CPU.Build.0 = Debug|Any CPU
		{389E15A1-EA48-4D93-A28F-4731BC9B30FA}.Release|Any CPU.ActiveCfg = Release|Any CPU
		{389E15A1-EA48-4D93-A28F-4731BC9B30FA}.Release|Any CPU.Build.0 = Release|Any CPU
		{C21C23BC-7CC8-48AC-8340-C147B0D31BAB}.Debug|Any CPU.ActiveCfg = Debug|Any CPU
		{C21C23BC-7CC8-48AC-8340-C147B0D31BAB}.Debug|Any CPU.Build.0 = Debug|Any CPU
		{C21C23BC-7CC8-48AC-8340-C147B0D31BAB}.Release|Any CPU.ActiveCfg = Release|Any CPU
		{C21C23BC-7CC8-48AC-8340-C147B0D31BAB}.Release|Any CPU.Build.0 = Release|Any CPU
	EndGlobalSection
	GlobalSection(SolutionProperties) = preSolution
		HideSolutionNode = FALSE
	EndGlobalSection
	GlobalSection(ExtensibilityGlobals) = postSolution
		SolutionGuid = {454C3BDD-CB8B-4C05-A40F-8656AB5C8EA3}
	EndGlobalSection
EndGlobal
